
Microsoft Visual Studio Solution File, Format Version 12.00
# Visual Studio 15
VisualStudioVersion = 15.0.27004.2009
MinimumVisualStudioVersion = 10.0.40219.1
Project("{FAE04EC0-301F-11D3-BF4B-00C04F79EFBC}") = "Pizzaria", "Pizzaria\Pizzaria.csproj", "{D266B593-FA58-41A7-9A6A-3B96A5057583}"
EndProject
Global
	GlobalSection(SolutionConfigurationPlatforms) = preSolution
		Debug|Any CPU = Debug|Any CPU
		Release|Any CPU = Release|Any CPU
	EndGlobalSection
	GlobalSection(ProjectConfigurationPlatforms) = postSolution
		{D266B593-FA58-41A7-9A6A-3B96A5057583}.Debug|Any CPU.ActiveCfg = Debug|Any CPU
		{D266B593-FA58-41A7-9A6A-3B96A5057583}.Debug|Any CPU.Build.0 = Debug|Any CPU
		{D266B593-FA58-41A7-9A6A-3B96A5057583}.Release|Any CPU.ActiveCfg = Release|Any CPU
		{D266B593-FA58-41A7-9A6A-3B96A5057583}.Release|Any CPU.Build.0 = Release|Any CPU
	EndGlobalSection
	GlobalSection(SolutionProperties) = preSolution
		HideSolutionNode = FALSE
	EndGlobalSection
	GlobalSection(ExtensibilityGlobals) = postSolution
		SolutionGuid = {32CEEAC9-0271-4C1A-9C66-80F4DFB62DE2}
	EndGlobalSection
EndGlobal
